
Microsoft Visual Studio Solution File, Format Version 12.00
# Visual Studio Version 16
VisualStudioVersion = 25.0.1705.2
MinimumVisualStudioVersion = 10.0.40219.1
Project("{FAE04EC0-301F-11D3-BF4B-00C04F79EFBC}") = "HistoriaClinicaColombianos", "HistoriaClinicaColombianos.csproj", "{759673B0-79A1-4D72-918D-FE09DF2A2D58}"
EndProject
Global
	GlobalSection(SolutionConfigurationPlatforms) = preSolution
		Debug|Any CPU = Debug|Any CPU
		Release|Any CPU = Release|Any CPU
	EndGlobalSection
	GlobalSection(ProjectConfigurationPlatforms) = postSolution
		{759673B0-79A1-4D72-918D-FE09DF2A2D58}.Debug|Any CPU.ActiveCfg = Debug|Any CPU
		{759673B0-79A1-4D72-918D-FE09DF2A2D58}.Debug|Any CPU.Build.0 = Debug|Any CPU
		{759673B0-79A1-4D72-918D-FE09DF2A2D58}.Release|Any CPU.ActiveCfg = Release|Any CPU
		{759673B0-79A1-4D72-918D-FE09DF2A2D58}.Release|Any CPU.Build.0 = Release|Any CPU
	EndGlobalSection
	GlobalSection(SolutionProperties) = preSolution
		HideSolutionNode = FALSE
	EndGlobalSection
	GlobalSection(ExtensibilityGlobals) = postSolution
		SolutionGuid = {4F786289-4F8B-4C8A-9A80-4798D4194114}
	EndGlobalSection
EndGlobal
